
Microsoft Visual Studio Solution File, Format Version 12.00
# Visual Studio Version 16
VisualStudioVersion = 16.0.31624.102
MinimumVisualStudioVersion = 10.0.40219.1
Project("{FAE04EC0-301F-11D3-BF4B-00C04F79EFBC}") = "WebGentle.BookStore", "WebGentle.BookStore\WebGentle.BookStore.csproj", "{8330821F-BF49-4076-AE33-59D08F34DFCF}"
EndProject
Global
	GlobalSection(SolutionConfigurationPlatforms) = preSolution
		Debug|Any CPU = Debug|Any CPU
		Release|Any CPU = Release|Any CPU
	EndGlobalSection
	GlobalSection(ProjectConfigurationPlatforms) = postSolution
		{8330821F-BF49-4076-AE33-59D08F34DFCF}.Debug|Any CPU.ActiveCfg = Debug|Any CPU
		{8330821F-BF49-4076-AE33-59D08F34DFCF}.Debug|Any CPU.Build.0 = Debug|Any CPU
		{8330821F-BF49-4076-AE33-59D08F34DFCF}.Release|Any CPU.ActiveCfg = Release|Any CPU
		{8330821F-BF49-4076-AE33-59D08F34DFCF}.Release|Any CPU.Build.0 = Release|Any CPU
	EndGlobalSection
	GlobalSection(SolutionProperties) = preSolution
		HideSolutionNode = FALSE
	EndGlobalSection
	GlobalSection(ExtensibilityGlobals) = postSolution
		SolutionGuid = {614DD717-19E0-4D64-8815-072B9726223C}
	EndGlobalSection
EndGlobal
